// !$*UTF8*$!
{
	archiveVersion = 1;
	classes = {
	};
	objectVersion = 50;
	objects = {

/* Begin PBXBuildFile section */
		93180B45238BA8B700E74665 /* AppDelegate.m in Sources */ = {isa = PBXBuildFile; fileRef = 93180B44238BA8B700E74665 /* AppDelegate.m */; };
		93180B48238BA8B700E74665 /* ViewController.m in Sources */ = {isa = PBXBuildFile; fileRef = 93180B47238BA8B700E74665 /* ViewController.m */; };
		93180B4A238BA8BB00E74665 /* Assets.xcassets in Resources */ = {isa = PBXBuildFile; fileRef = 93180B49238BA8BB00E74665 /* Assets.xcassets */; };
		93180B4D238BA8BB00E74665 /* Main.storyboard in Resources */ = {isa = PBXBuildFile; fileRef = 93180B4B238BA8BB00E74665 /* Main.storyboard */; };
		93180B50238BA8BB00E74665 /* main.m in Sources */ = {isa = PBXBuildFile; fileRef = 93180B4F238BA8BB00E74665 /* main.m */; };
		93180B59238BAF8600E74665 /* HomeViewController.m in Sources */ = {isa = PBXBuildFile; fileRef = 93180B58238BAF8600E74665 /* HomeViewController.m */; };
/* End PBXBuildFile section */

/* Begin PBXFileReference section */
		93180B40238BA8B700E74665 /* FindKey.app */ = {isa = PBXFileReference; explicitFileType = wrapper.application; includeInIndex = 0; path = FindKey.app; sourceTree = BUILT_PRODUCTS_DIR; };
		93180B43238BA8B700E74665 /* AppDelegate.h */ = {isa = PBXFileReference; lastKnownFileType = sourcecode.c.h; path = AppDelegate.h; sourceTree = "<group>"; };
		93180B44238BA8B700E74665 /* AppDelegate.m */ = {isa = PBXFileReference; lastKnownFileType = sourcecode.c.objc; path = AppDelegate.m; sourceTree = "<group>"; };
		93180B46238BA8B700E74665 /* ViewController.h */ = {isa = PBXFileReference; lastKnownFileType = sourcecode.c.h; path = ViewController.h; sourceTree = "<group>"; };
		93180B47238BA8B700E74665 /* ViewController.m */ = {isa = PBXFileReference; lastKnownFileType = sourcecode.c.objc; path = ViewController.m; sourceTree = "<group>"; };
		93180B49238BA8BB00E74665 /* Assets.xcassets */ = {isa = PBXFileReference; lastKnownFileType = folder.assetcatalog; path = Assets.xcassets; sourceTree = "<group>"; };
		93180B4C238BA8BB00E74665 /* Base */ = {isa = PBXFileReference; lastKnownFileType = file.storyboard; name = Base; path = Base.lproj/Main.storyboard; sourceTree = "<group>"; };
		93180B4E238BA8BB00E74665 /* Info.plist */ = {isa = PBXFileReference; lastKnownFileType = text.plist.xml; path = Info.plist; sourceTree = "<group>"; };
		93180B4F238BA8BB00E74665 /* main.m */ = {isa = PBXFileReference; lastKnownFileType = sourcecode.c.objc; path = main.m; sourceTree = "<group>"; };
		93180B51238BA8BB00E74665 /* FindKey.entitlements */ = {isa = PBXFileReference; lastKnownFileType = text.plist.entitlements; path = FindKey.entitlements; sourceTree = "<group>"; };
		93180B57238BAF8600E74665 /* HomeViewController.h */ = {isa = PBXFileReference; lastKnownFileType = sourcecode.c.h; path = HomeViewController.h; sourceTree = "<group>"; };
		93180B58238BAF8600E74665 /* HomeViewController.m */ = {isa = PBXFileReference; lastKnownFileType = sourcecode.c.objc; path = HomeViewController.m; sourceTree = "<group>"; };
/* End PBXFileReference section */

/* Begin PBXFrameworksBuildPhase section */
		93180B3D238BA8B700E74665 /* Frameworks */ = {
			isa = PBXFrameworksBuildPhase;
			buildActionMask = 2147483647;
			files = (
			);
			runOnlyForDeploymentPostprocessing = 0;
		};
/* End PBXFrameworksBuildPhase section */

/* Begin PBXGroup section */
		93180B37238BA8B700E74665 = {
			isa = PBXGroup;
			children = (
				93180B42238BA8B700E74665 /* FindKey */,
				93180B41238BA8B700E74665 /* Products */,
			);
			sourceTree = "<group>";
		};
		93180B41238BA8B700E74665 /* Products */ = {
			isa = PBXGroup;
			children = (
				93180B40238BA8B700E74665 /* FindKey.app */,
			);
			name = Products;
			sourceTree = "<group>";
		};
		93180B42238BA8B700E74665 /* FindKey */ = {
			isa = PBXGroup;
			children = (
				93180B43238BA8B700E74665 /* AppDelegate.h */,
				93180B44238BA8B700E74665 /* AppDelegate.m */,
				93180B46238BA8B700E74665 /* ViewController.h */,
				93180B47238BA8B700E74665 /* ViewController.m */,
				93180B57238BAF8600E74665 /* HomeViewController.h */,
				93180B58238BAF8600E74665 /* HomeViewController.m */,
				93180B49238BA8BB00E74665 /* Assets.xcassets */,
				93180B4B238BA8BB00E74665 /* Main.storyboard */,
				93180B4E238BA8BB00E74665 /* Info.plist */,
				93180B4F238BA8BB00E74665 /* main.m */,
				93180B51238BA8BB00E74665 /* FindKey.entitlements */,
			);
			path = FindKey;
			sourceTree = "<group>";
		};
/* End PBXGroup section */

/* Begin PBXNativeTarget section */
		93180B3F238BA8B700E74665 /* FindKey */ = {
			isa = PBXNativeTarget;
			buildConfigurationList = 93180B54238BA8BB00E74665 /* Build configuration list for PBXNativeTarget "FindKey" */;
			buildPhases = (
				93180B3C238BA8B700E74665 /* Sources */,
				93180B3D238BA8B700E74665 /* Frameworks */,
				93180B3E238BA8B700E74665 /* Resources */,
			);
			buildRules = (
			);
			dependencies = (
			);
			name = FindKey;
			productName = FindKey;
			productReference = 93180B40238BA8B700E74665 /* FindKey.app */;
			productType = "com.apple.product-type.application";
		};
/* End PBXNativeTarget section */

/* Begin PBXProject section */
		93180B38238BA8B700E74665 /* Project object */ = {
			isa = PBXProject;
			attributes = {
				LastUpgradeCheck = 1110;
				ORGANIZATIONNAME = chenshuang;
				TargetAttributes = {
					93180B3F238BA8B700E74665 = {
						CreatedOnToolsVersion = 11.1;
					};
				};
			};
			buildConfigurationList = 93180B3B238BA8B700E74665 /* Build configuration list for PBXProject "FindKey" */;
			compatibilityVersion = "Xcode 9.3";
			developmentRegion = en;
			hasScannedForEncodings = 0;
			knownRegions = (
				en,
				Base,
			);
			mainGroup = 93180B37238BA8B700E74665;
			productRefGroup = 93180B41238BA8B700E74665 /* Products */;
			projectDirPath = "";
			projectRoot = "";
			targets = (
				93180B3F238BA8B700E74665 /* FindKey */,
			);
		};
/* End PBXProject section */

/* Begin PBXResourcesBuildPhase section */
		93180B3E238BA8B700E74665 /* Resources */ = {
			isa = PBXResourcesBuildPhase;
			buildActionMask = 2147483647;
			files = (
				93180B4A238BA8BB00E74665 /* Assets.xcassets in Resources */,
				93180B4D238BA8BB00E74665 /* Main.storyboard in Resources */,
			);
			runOnlyForDeploymentPostprocessing = 0;
		};
/* End PBXResourcesBuildPhase section */

/* Begin PBXSourcesBuildPhase section */
		93180B3C238BA8B700E74665 /* Sources */ = {
			isa = PBXSourcesBuildPhase;
			buildActionMask = 2147483647;
			files = (
				93180B48238BA8B700E74665 /* ViewController.m in Sources */,
				93180B50238BA8BB00E74665 /* main.m in Sources */,
				93180B45238BA8B700E74665 /* AppDelegate.m in Sources */,
				93180B59238BAF8600E74665 /* HomeViewController.m in Sources */,
			);
			runOnlyForDeploymentPostprocessing = 0;
		};
/* End PBXSourcesBuildPhase section */

/* Begin PBXVariantGroup section */
		93180B4B238BA8BB00E74665 /* Main.storyboard */ = {
			isa = PBXVariantGroup;
			children = (
				93180B4C238BA8BB00E74665 /* Base */,
			);
			name = Main.storyboard;
			sourceTree = "<group>";
		};
/* End PBXVariantGroup section */

/* Begin XCBuildConfiguration section */
		93180B52238BA8BB00E74665 /* Debug */ = {
			isa = XCBuildConfiguration;
			buildSettings = {
				ALWAYS_SEARCH_USER_PATHS = NO;
				CLANG_ANALYZER_NONNULL = YES;
				CLANG_ANALYZER_NUMBER_OBJECT_CONVERSION = YES_AGGRESSIVE;
				CLANG_CXX_LANGUAGE_STANDARD = "gnu++14";
				CLANG_CXX_LIBRARY = "libc++";
				CLANG_ENABLE_MODULES = YES;
				CLANG_ENABLE_OBJC_ARC = YES;
				CLANG_ENABLE_OBJC_WEAK = YES;
				CLANG_WARN_BLOCK_CAPTURE_AUTORELEASING = YES;
				CLANG_WARN_BOOL_CONVERSION = YES;
				CLANG_WARN_COMMA = YES;
				CLANG_WARN_CONSTANT_CONVERSION = YES;
				CLANG_WARN_DEPRECATED_OBJC_IMPLEMENTATIONS = YES;
				CLANG_WARN_DIRECT_OBJC_ISA_USAGE = YES_ERROR;
				CLANG_WARN_DOCUMENTATION_COMMENTS = YES;
				CLANG_WARN_EMPTY_BODY = YES;
				CLANG_WARN_ENUM_CONVERSION = YES;
				CLANG_WARN_INFINITE_RECURSION = YES;
				CLANG_WARN_INT_CONVERSION = YES;
				CLANG_WARN_NON_LITERAL_NULL_CONVERSION = YES;
				CLANG_WARN_OBJC_IMPLICIT_RETAIN_SELF = YES;
				CLANG_WARN_OBJC_LITERAL_CONVERSION = YES;
				CLANG_WARN_OBJC_ROOT_CLASS = YES_ERROR;
				CLANG_WARN_RANGE_LOOP_ANALYSIS = YES;
				CLANG_WARN_STRICT_PROTOTYPES = YES;
				CLANG_WARN_SUSPICIOUS_MOVE = YES;
				CLANG_WARN_UNGUARDED_AVAILABILITY = YES_AGGRESSIVE;
				CLANG_WARN_UNREACHABLE_CODE = YES;
				CLANG_WARN__DUPLICATE_METHOD_MATCH = YES;
				COPY_PHASE_STRIP = NO;
				DEBUG_INFORMATION_FORMAT = dwarf;
				ENABLE_STRICT_OBJC_MSGSEND = YES;
				ENABLE_TESTABILITY = YES;
				GCC_C_LANGUAGE_STANDARD = gnu11;
				GCC_DYNAMIC_NO_PIC = NO;
				GCC_NO_COMMON_BLOCKS = YES;
				GCC_OPTIMIZATION_LEVEL = 0;
				GCC_PREPROCESSOR_DEFINITIONS = (
					"DEBUG=1",
					"$(inherited)",
				);
				GCC_WARN_64_TO_32_BIT_CONVERSION = YES;
				GCC_WARN_ABOUT_RETURN_TYPE = YES_ERROR;
				GCC_WARN_UNDECLARED_SELECTOR = YES;
				GCC_WARN_UNINITIALIZED_AUTOS = YES_AGGRESSIVE;
				GCC_WARN_UNUSED_FUNCTION = YES;
				GCC_WARN_UNUSED_VARIABLE = YES;
				MACOSX_DEPLOYMENT_TARGET = 10.15;
				MTL_ENABLE_DEBUG_INFO = INCLUDE_SOURCE;
				MTL_FAST_MATH = YES;
				ONLY_ACTIVE_ARCH = YES;
				SDKROOT = macosx;
			};
			name = Debug;
		};
		93180B53238BA8BB00E74665 /* Release */ = {
			isa = XCBuildConfiguration;
			buildSettings = {
				ALWAYS_SEARCH_USER_PATHS = NO;
				CLANG_ANALYZER_NONNULL = YES;
				CLANG_ANALYZER_NUMBER_OBJECT_CONVERSION = YES_AGGRESSIVE;
				CLANG_CXX_LANGUAGE_STANDARD = "gnu++14";
				CLANG_CXX_LIBRARY = "libc++";
				CLANG_ENABLE_MODULES = YES;
				CLANG_ENABLE_OBJC_ARC = YES;
				CLANG_ENABLE_OBJC_WEAK = YES;
				CLANG_WARN_BLOCK_CAPTURE_AUTORELEASING = YES;
				CLANG_WARN_BOOL_CONVERSION = YES;
				CLANG_WARN_COMMA = YES;
				CLANG_WARN_CONSTANT_CONVERSION = YES;
				CLANG_WARN_DEPRECATED_OBJC_IMPLEMENTATIONS = YES;
				CLANG_WARN_DIRECT_OBJC_ISA_USAGE = YES_ERROR;
				CLANG_WARN_DOCUMENTATION_COMMENTS = YES;
				CLANG_WARN_EMPTY_BODY = YES;
				CLANG_WARN_ENUM_CONVERSION = YES;
				CLANG_WARN_INFINITE_RECURSION = YES;
				CLANG_WARN_INT_CONVERSION = YES;
				CLANG_WARN_NON_LITERAL_NULL_CONVERSION = YES;
				CLANG_WARN_OBJC_IMPLICIT_RETAIN_SELF = YES;
				CLANG_WARN_OBJC_LITERAL_CONVERSION = YES;
				CLANG_WARN_OBJC_ROOT_CLASS = YES_ERROR;
				CLANG_WARN_RANGE_LOOP_ANALYSIS = YES;
				CLANG_WARN_STRICT_PROTOTYPES = YES;
				CLANG_WARN_SUSPICIOUS_MOVE = YES;
				CLANG_WARN_UNGUARDED_AVAILABILITY = YES_AGGRESSIVE;
				CLANG_WARN_UNREACHABLE_CODE = YES;
				CLANG_WARN__DUPLICATE_METHOD_MATCH = YES;
				COPY_PHASE_STRIP = NO;
				DEBUG_INFORMATION_FORMAT = "dwarf-with-dsym";
				ENABLE_NS_ASSERTIONS = NO;
				ENABLE_STRICT_OBJC_MSGSEND = YES;
				GCC_C_LANGUAGE_STANDARD = gnu11;
				GCC_NO_COMMON_BLOCKS = YES;
				GCC_WARN_64_TO_32_BIT_CONVERSION = YES;
				GCC_WARN_ABOUT_RETURN_TYPE = YES_ERROR;
				GCC_WARN_UNDECLARED_SELECTOR = YES;
				GCC_WARN_UNINITIALIZED_AUTOS = YES_AGGRESSIVE;
				GCC_WARN_UNUSED_FUNCTION = YES;
				GCC_WARN_UNUSED_VARIABLE = YES;
				MACOSX_DEPLOYMENT_TARGET = 10.15;
				MTL_ENABLE_DEBUG_INFO = NO;
				MTL_FAST_MATH = YES;
				SDKROOT = macosx;
			};
			name = Release;
		};
		93180B55238BA8BB00E74665 /* Debug */ = {
			isa = XCBuildConfiguration;
			buildSettings = {
				ASSETCATALOG_COMPILER_APPICON_NAME = AppIcon;
				CODE_SIGN_ENTITLEMENTS = FindKey/FindKey.entitlements;
				CODE_SIGN_STYLE = Automatic;
				COMBINE_HIDPI_IMAGES = YES;
				DEVELOPMENT_TEAM = K9KT8N67YP;
				ENABLE_HARDENED_RUNTIME = YES;
				INFOPLIST_FILE = FindKey/Info.plist;
				LD_RUNPATH_SEARCH_PATHS = (
					"$(inherited)",
					"@executable_path/../Frameworks",
				);
				PRODUCT_BUNDLE_IDENTIFIER = com.lumiunited.pre.homekit.FindKey;
				PRODUCT_NAME = "$(TARGET_NAME)";
			};
			name = Debug;
		};
		93180B56238BA8BB00E74665 /* Release */ = {
			isa = XCBuildConfiguration;
			buildSettings = {
				ASSETCATALOG_COMPILER_APPICON_NAME = AppIcon;
				CODE_SIGN_ENTITLEMENTS = FindKey/FindKey.entitlements;
				CODE_SIGN_STYLE = Automatic;
				COMBINE_HIDPI_IMAGES = YES;
				DEVELOPMENT_TEAM = K9KT8N67YP;
				ENABLE_HARDENED_RUNTIME = YES;
				INFOPLIST_FILE = FindKey/Info.plist;
				LD_RUNPATH_SEARCH_PATHS = (
					"$(inherited)",
					"@executable_path/../Frameworks",
				);
				PRODUCT_BUNDLE_IDENTIFIER = com.lumiunited.pre.homekit.FindKey;
				PRODUCT_NAME = "$(TARGET_NAME)";
			};
			name = Release;
		};
/* End XCBuildConfiguration section */

/* Begin XCConfigurationList section */
		93180B3B238BA8B700E74665 /* Build configuration list for PBXProject "FindKey" */ = {
			isa = XCConfigurationList;
			buildConfigurations = (
				93180B52238BA8BB00E74665 /* Debug */,
				93180B53238BA8BB00E74665 /* Release */,
			);
			defaultConfigurationIsVisible = 0;
			defaultConfigurationName = Release;
		};
		93180B54238BA8BB00E74665 /* Build configuration list for PBXNativeTarget "FindKey" */ = {
			isa = XCConfigurationList;
			buildConfigurations = (
				93180B55238BA8BB00E74665 /* Debug */,
				93180B56238BA8BB00E74665 /* Release */,
			);
			defaultConfigurationIsVisible = 0;
			defaultConfigurationName = Release;
		};
/* End XCConfigurationList section */
	};
	rootObject = 93180B38238BA8B700E74665 /* Project object */;
}
